
Microsoft Visual Studio Solution File, Format Version 12.00
# Visual Studio Version 17
VisualStudioVersion = 17.9.34728.123
MinimumVisualStudioVersion = 10.0.40219.1
Project("{FAE04EC0-301F-11D3-BF4B-00C04F79EFBC}") = "CompanyTaskManager.Web", "CompanyTaskManager.Web\CompanyTaskManager.Web.csproj", "{C56AFD7E-B641-4D73-B5F4-3DC16F7D741E}"
EndProject
Project("{FAE04EC0-301F-11D3-BF4B-00C04F79EFBC}") = "CompanyTaskManager.Data", "CompanyTaskManager.Data\CompanyTaskManager.Data.csproj", "{06AF72E1-EE0F-4DB8-99A7-977F1BE10D9F}"
EndProject
Project("{FAE04EC0-301F-11D3-BF4B-00C04F79EFBC}") = "CompanyTaskManager.Common", "CompanyTaskManager.Common\CompanyTaskManager.Common.csproj", "{8BC380DB-E289-4C81-B559-A9B7875DA4DD}"
EndProject
Project("{FAE04EC0-301F-11D3-BF4B-00C04F79EFBC}") = "CompanyTaskManager.Application", "CompanyTaskManager.Application\CompanyTaskManager.Application.csproj", "{FB6596C9-4E75-4E93-97FC-8FA559CEEBFD}"
EndProject
Global
	GlobalSection(SolutionConfigurationPlatforms) = preSolution
		Debug|Any CPU = Debug|Any CPU
		Release|Any CPU = Release|Any CPU
	EndGlobalSection
	GlobalSection(ProjectConfigurationPlatforms) = postSolution
		{C56AFD7E-B641-4D73-B5F4-3DC16F7D741E}.Debug|Any CPU.ActiveCfg = Debug|Any CPU
		{C56AFD7E-B641-4D73-B5F4-3DC16F7D741E}.Debug|Any CPU.Build.0 = Debug|Any CPU
		{C56AFD7E-B641-4D73-B5F4-3DC16F7D741E}.Release|Any CPU.ActiveCfg = Release|Any CPU
		{C56AFD7E-B641-4D73-B5F4-3DC16F7D741E}.Release|Any CPU.Build.0 = Release|Any CPU
		{06AF72E1-EE0F-4DB8-99A7-977F1BE10D9F}.Debug|Any CPU.ActiveCfg = Debug|Any CPU
		{06AF72E1-EE0F-4DB8-99A7-977F1BE10D9F}.Debug|Any CPU.Build.0 = Debug|Any CPU
		{06AF72E1-EE0F-4DB8-99A7-977F1BE10D9F}.Release|Any CPU.ActiveCfg = Release|Any CPU
		{06AF72E1-EE0F-4DB8-99A7-977F1BE10D9F}.Release|Any CPU.Build.0 = Release|Any CPU
		{8BC380DB-E289-4C81-B559-A9B7875DA4DD}.Debug|Any CPU.ActiveCfg = Debug|Any CPU
		{8BC380DB-E289-4C81-B559-A9B7875DA4DD}.Debug|Any CPU.Build.0 = Debug|Any CPU
		{8BC380DB-E289-4C81-B559-A9B7875DA4DD}.Release|Any CPU.ActiveCfg = Release|Any CPU
		{8BC380DB-E289-4C81-B559-A9B7875DA4DD}.Release|Any CPU.Build.0 = Release|Any CPU
		{FB6596C9-4E75-4E93-97FC-8FA559CEEBFD}.Debug|Any CPU.ActiveCfg = Debug|Any CPU
		{FB6596C9-4E75-4E93-97FC-8FA559CEEBFD}.Debug|Any CPU.Build.0 = Debug|Any CPU
		{FB6596C9-4E75-4E93-97FC-8FA559CEEBFD}.Release|Any CPU.ActiveCfg = Release|Any CPU
		{FB6596C9-4E75-4E93-97FC-8FA559CEEBFD}.Release|Any CPU.Build.0 = Release|Any CPU
	EndGlobalSection
	GlobalSection(SolutionProperties) = preSolution
		HideSolutionNode = FALSE
	EndGlobalSection
	GlobalSection(ExtensibilityGlobals) = postSolution
		SolutionGuid = {AC8EFDC5-B003-4433-ABA8-6AFA4D23FEA7}
	EndGlobalSection
EndGlobal
